
Microsoft Visual Studio Solution File, Format Version 12.00
# Visual Studio 15
VisualStudioVersion = 15.0.26228.9
MinimumVisualStudioVersion = 10.0.40219.1
Project("{2150E333-8FDC-42A3-9474-1A3956D46DE8}") = "src", "src", "{E908932C-67EA-41BC-8F12-3961DD62A3AA}"
EndProject
Project("{2150E333-8FDC-42A3-9474-1A3956D46DE8}") = "Service", "Service", "{F286348E-F315-4DC1-A06E-A8C70669C20D}"
EndProject
Project("{2150E333-8FDC-42A3-9474-1A3956D46DE8}") = "Repository", "Repository", "{9D6C11E9-2364-4EAA-B5AA-C38704E274E4}"
EndProject
Project("{9A19103F-16F7-4668-BE54-9A1E7A4F7556}") = "ProgrammersLiveShow", "src\ProgrammersLiveShow\ProgrammersLiveShow.csproj", "{E8656634-6A27-416F-8377-C13E9DAA46FC}"
EndProject
Project("{9A19103F-16F7-4668-BE54-9A1E7A4F7556}") = "Pls.Entity", "src\Pls.Entity\Pls.Entity.csproj", "{83B29356-862D-4368-9017-1CF4722722FA}"
EndProject
Project("{9A19103F-16F7-4668-BE54-9A1E7A4F7556}") = "Pls.Utils", "src\Pls.Utils\Pls.Utils.csproj", "{8598BDF6-4D23-42DC-97A0-F8C34DDC4FB9}"
EndProject
Project("{9A19103F-16F7-4668-BE54-9A1E7A4F7556}") = "Pls.IRepository", "src\Pls.IRepository\Pls.IRepository.csproj", "{D0C5D540-099A-4AD2-ACC7-70B75D35B9F8}"
EndProject
Project("{9A19103F-16F7-4668-BE54-9A1E7A4F7556}") = "Pls.Repository", "src\Pls.Repository\Pls.Repository.csproj", "{091D3331-7A21-4631-9357-484B09D63B20}"
EndProject
Project("{9A19103F-16F7-4668-BE54-9A1E7A4F7556}") = "Pls.IService", "src\Pls.IService\Pls.IService.csproj", "{2B6EB3CF-4B9E-49F6-BF18-FACE50BBF35F}"
EndProject
Project("{9A19103F-16F7-4668-BE54-9A1E7A4F7556}") = "Pls.Service", "src\Pls.Service\Pls.Service.csproj", "{822ACFF1-8671-4AC1-BA43-AC4D8788AC1E}"
EndProject
Project("{9A19103F-16F7-4668-BE54-9A1E7A4F7556}") = "Pls.UnitOfWork", "src\Pls.UnitOfWork\Pls.UnitOfWork.csproj", "{46953768-0F97-479C-BB9B-AAD05C9ADE36}"
EndProject
Project("{FAE04EC0-301F-11D3-BF4B-00C04F79EFBC}") = "Pls.Controllers", "src\Pls.Controllers\Pls.Controllers.csproj", "{11BC9870-AD2D-464C-9A14-5C54F0F8F4F6}"
EndProject
Project("{FAE04EC0-301F-11D3-BF4B-00C04F79EFBC}") = "Pls.Plug", "src\Pls.Plug\Pls.Plug.csproj", "{32C91B24-32E7-4D15-BD90-507DC11B2733}"
EndProject
Global
	GlobalSection(SolutionConfigurationPlatforms) = preSolution
		Debug|Any CPU = Debug|Any CPU
		Release|Any CPU = Release|Any CPU
	EndGlobalSection
	GlobalSection(ProjectConfigurationPlatforms) = postSolution
		{E8656634-6A27-416F-8377-C13E9DAA46FC}.Debug|Any CPU.ActiveCfg = Debug|Any CPU
		{E8656634-6A27-416F-8377-C13E9DAA46FC}.Debug|Any CPU.Build.0 = Debug|Any CPU
		{E8656634-6A27-416F-8377-C13E9DAA46FC}.Release|Any CPU.ActiveCfg = Release|Any CPU
		{E8656634-6A27-416F-8377-C13E9DAA46FC}.Release|Any CPU.Build.0 = Release|Any CPU
		{83B29356-862D-4368-9017-1CF4722722FA}.Debug|Any CPU.ActiveCfg = Debug|Any CPU
		{83B29356-862D-4368-9017-1CF4722722FA}.Debug|Any CPU.Build.0 = Debug|Any CPU
		{83B29356-862D-4368-9017-1CF4722722FA}.Release|Any CPU.ActiveCfg = Release|Any CPU
		{83B29356-862D-4368-9017-1CF4722722FA}.Release|Any CPU.Build.0 = Release|Any CPU
		{8598BDF6-4D23-42DC-97A0-F8C34DDC4FB9}.Debug|Any CPU.ActiveCfg = Debug|Any CPU
		{8598BDF6-4D23-42DC-97A0-F8C34DDC4FB9}.Debug|Any CPU.Build.0 = Debug|Any CPU
		{8598BDF6-4D23-42DC-97A0-F8C34DDC4FB9}.Release|Any CPU.ActiveCfg = Release|Any CPU
		{8598BDF6-4D23-42DC-97A0-F8C34DDC4FB9}.Release|Any CPU.Build.0 = Release|Any CPU
		{D0C5D540-099A-4AD2-ACC7-70B75D35B9F8}.Debug|Any CPU.ActiveCfg = Debug|Any CPU
		{D0C5D540-099A-4AD2-ACC7-70B75D35B9F8}.Debug|Any CPU.Build.0 = Debug|Any CPU
		{D0C5D540-099A-4AD2-ACC7-70B75D35B9F8}.Release|Any CPU.ActiveCfg = Release|Any CPU
		{D0C5D540-099A-4AD2-ACC7-70B75D35B9F8}.Release|Any CPU.Build.0 = Release|Any CPU
		{091D3331-7A21-4631-9357-484B09D63B20}.Debug|Any CPU.ActiveCfg = Debug|Any CPU
		{091D3331-7A21-4631-9357-484B09D63B20}.Debug|Any CPU.Build.0 = Debug|Any CPU
		{091D3331-7A21-4631-9357-484B09D63B20}.Release|Any CPU.ActiveCfg = Release|Any CPU
		{091D3331-7A21-4631-9357-484B09D63B20}.Release|Any CPU.Build.0 = Release|Any CPU
		{2B6EB3CF-4B9E-49F6-BF18-FACE50BBF35F}.Debug|Any CPU.ActiveCfg = Debug|Any CPU
		{2B6EB3CF-4B9E-49F6-BF18-FACE50BBF35F}.Debug|Any CPU.Build.0 = Debug|Any CPU
		{2B6EB3CF-4B9E-49F6-BF18-FACE50BBF35F}.Release|Any CPU.ActiveCfg = Release|Any CPU
		{2B6EB3CF-4B9E-49F6-BF18-FACE50BBF35F}.Release|Any CPU.Build.0 = Release|Any CPU
		{822ACFF1-8671-4AC1-BA43-AC4D8788AC1E}.Debug|Any CPU.ActiveCfg = Debug|Any CPU
		{822ACFF1-8671-4AC1-BA43-AC4D8788AC1E}.Debug|Any CPU.Build.0 = Debug|Any CPU
		{822ACFF1-8671-4AC1-BA43-AC4D8788AC1E}.Release|Any CPU.ActiveCfg = Release|Any CPU
		{822ACFF1-8671-4AC1-BA43-AC4D8788AC1E}.Release|Any CPU.Build.0 = Release|Any CPU
		{46953768-0F97-479C-BB9B-AAD05C9ADE36}.Debug|Any CPU.ActiveCfg = Debug|Any CPU
		{46953768-0F97-479C-BB9B-AAD05C9ADE36}.Debug|Any CPU.Build.0 = Debug|Any CPU
		{46953768-0F97-479C-BB9B-AAD05C9ADE36}.Release|Any CPU.ActiveCfg = Release|Any CPU
		{46953768-0F97-479C-BB9B-AAD05C9ADE36}.Release|Any CPU.Build.0 = Release|Any CPU
		{11BC9870-AD2D-464C-9A14-5C54F0F8F4F6}.Debug|Any CPU.ActiveCfg = Debug|Any CPU
		{11BC9870-AD2D-464C-9A14-5C54F0F8F4F6}.Debug|Any CPU.Build.0 = Debug|Any CPU
		{11BC9870-AD2D-464C-9A14-5C54F0F8F4F6}.Release|Any CPU.ActiveCfg = Release|Any CPU
		{11BC9870-AD2D-464C-9A14-5C54F0F8F4F6}.Release|Any CPU.Build.0 = Release|Any CPU
		{32C91B24-32E7-4D15-BD90-507DC11B2733}.Debug|Any CPU.ActiveCfg = Debug|Any CPU
		{32C91B24-32E7-4D15-BD90-507DC11B2733}.Debug|Any CPU.Build.0 = Debug|Any CPU
		{32C91B24-32E7-4D15-BD90-507DC11B2733}.Release|Any CPU.ActiveCfg = Release|Any CPU
		{32C91B24-32E7-4D15-BD90-507DC11B2733}.Release|Any CPU.Build.0 = Release|Any CPU
	EndGlobalSection
	GlobalSection(SolutionProperties) = preSolution
		HideSolutionNode = FALSE
	EndGlobalSection
	GlobalSection(NestedProjects) = preSolution
		{F286348E-F315-4DC1-A06E-A8C70669C20D} = {E908932C-67EA-41BC-8F12-3961DD62A3AA}
		{9D6C11E9-2364-4EAA-B5AA-C38704E274E4} = {E908932C-67EA-41BC-8F12-3961DD62A3AA}
		{E8656634-6A27-416F-8377-C13E9DAA46FC} = {E908932C-67EA-41BC-8F12-3961DD62A3AA}
		{83B29356-862D-4368-9017-1CF4722722FA} = {E908932C-67EA-41BC-8F12-3961DD62A3AA}
		{8598BDF6-4D23-42DC-97A0-F8C34DDC4FB9} = {E908932C-67EA-41BC-8F12-3961DD62A3AA}
		{D0C5D540-099A-4AD2-ACC7-70B75D35B9F8} = {9D6C11E9-2364-4EAA-B5AA-C38704E274E4}
		{091D3331-7A21-4631-9357-484B09D63B20} = {9D6C11E9-2364-4EAA-B5AA-C38704E274E4}
		{2B6EB3CF-4B9E-49F6-BF18-FACE50BBF35F} = {F286348E-F315-4DC1-A06E-A8C70669C20D}
		{822ACFF1-8671-4AC1-BA43-AC4D8788AC1E} = {F286348E-F315-4DC1-A06E-A8C70669C20D}
		{46953768-0F97-479C-BB9B-AAD05C9ADE36} = {E908932C-67EA-41BC-8F12-3961DD62A3AA}
		{11BC9870-AD2D-464C-9A14-5C54F0F8F4F6} = {E908932C-67EA-41BC-8F12-3961DD62A3AA}
		{32C91B24-32E7-4D15-BD90-507DC11B2733} = {E908932C-67EA-41BC-8F12-3961DD62A3AA}
	EndGlobalSection
EndGlobal
